# Native CUDA qualification image inputs.
#
# Direct third-party Python requirements passed to Modal's pip installers.
# The runtime is installed separately from the required Git commit with
# --no-deps. Modal adds its function runtime outside these inputs; the worker
# records the imported Modal module version.

jsonschema==4.25.1
more-itertools==11.1.0
numba==0.67.0
numpy==2.5.2
setuptools==82.0.1
tiktoken==0.14.0
torch==2.6.0
tqdm==4.70.0
